
Microsoft Visual Studio Solution File, Format Version 12.00
# Visual Studio 15
VisualStudioVersion = 15.0.28307.136
MinimumVisualStudioVersion = 10.0.40219.1
Project("{FAE04EC0-301F-11D3-BF4B-00C04F79EFBC}") = "MemoryGame project", "my first project\MemoryGame project.csproj", "{7E513709-3C4D-4B9F-A0F7-2CFA094BCF61}"
EndProject
Global
	GlobalSection(SolutionConfigurationPlatforms) = preSolution
		Debug|Any CPU = Debug|Any CPU
		Release|Any CPU = Release|Any CPU
	EndGlobalSection
	GlobalSection(ProjectConfigurationPlatforms) = postSolution
		{7E513709-3C4D-4B9F-A0F7-2CFA094BCF61}.Debug|Any CPU.ActiveCfg = Debug|Any CPU
		{7E513709-3C4D-4B9F-A0F7-2CFA094BCF61}.Debug|Any CPU.Build.0 = Debug|Any CPU
		{7E513709-3C4D-4B9F-A0F7-2CFA094BCF61}.Release|Any CPU.ActiveCfg = Release|Any CPU
		{7E513709-3C4D-4B9F-A0F7-2CFA094BCF61}.Release|Any CPU.Build.0 = Release|Any CPU
	EndGlobalSection
	GlobalSection(SolutionProperties) = preSolution
		HideSolutionNode = FALSE
	EndGlobalSection
	GlobalSection(ExtensibilityGlobals) = postSolution
		SolutionGuid = {6A8988D4-6C22-4D51-8526-EC1F2B083AC4}
	EndGlobalSection
EndGlobal
